
Microsoft Visual Studio Solution File, Format Version 11.00
# Visual Studio 2010
Project("{8BC9CEB8-8B4A-11D0-8D11-00A0C91BC942}") = "KZ", "KZ.vcxproj", "{F081000D-3800-4AAB-880B-F7A823C7B528}"
EndProject
Global
	GlobalSection(SolutionConfigurationPlatforms) = preSolution
		Debug|Any CPU = Debug|Any CPU
		Debug|Mixed Platforms = Debug|Mixed Platforms
		Debug|Win32 = Debug|Win32
		DLL Debug|Any CPU = DLL Debug|Any CPU
		DLL Debug|Mixed Platforms = DLL Debug|Mixed Platforms
		DLL Debug|Win32 = DLL Debug|Win32
		DLL Release|Any CPU = DLL Release|Any CPU
		DLL Release|Mixed Platforms = DLL Release|Mixed Platforms
		DLL Release|Win32 = DLL Release|Win32
		DLL Unicode Debug|Any CPU = DLL Unicode Debug|Any CPU
		DLL Unicode Debug|Mixed Platforms = DLL Unicode Debug|Mixed Platforms
		DLL Unicode Debug|Win32 = DLL Unicode Debug|Win32
		DLL Unicode Release|Any CPU = DLL Unicode Release|Any CPU
		DLL Unicode Release|Mixed Platforms = DLL Unicode Release|Mixed Platforms
		DLL Unicode Release|Win32 = DLL Unicode Release|Win32
		DLL Universal Debug|Any CPU = DLL Universal Debug|Any CPU
		DLL Universal Debug|Mixed Platforms = DLL Universal Debug|Mixed Platforms
		DLL Universal Debug|Win32 = DLL Universal Debug|Win32
		DLL Universal Release|Any CPU = DLL Universal Release|Any CPU
		DLL Universal Release|Mixed Platforms = DLL Universal Release|Mixed Platforms
		DLL Universal Release|Win32 = DLL Universal Release|Win32
		DLL Universal Unicode Debug|Any CPU = DLL Universal Unicode Debug|Any CPU
		DLL Universal Unicode Debug|Mixed Platforms = DLL Universal Unicode Debug|Mixed Platforms
		DLL Universal Unicode Debug|Win32 = DLL Universal Unicode Debug|Win32
		DLL Universal Unicode Release|Any CPU = DLL Universal Unicode Release|Any CPU
		DLL Universal Unicode Release|Mixed Platforms = DLL Universal Unicode Release|Mixed Platforms
		DLL Universal Unicode Release|Win32 = DLL Universal Unicode Release|Win32
		Release|Any CPU = Release|Any CPU
		Release|Mixed Platforms = Release|Mixed Platforms
		Release|Win32 = Release|Win32
		Unicode Debug|Any CPU = Unicode Debug|Any CPU
		Unicode Debug|Mixed Platforms = Unicode Debug|Mixed Platforms
		Unicode Debug|Win32 = Unicode Debug|Win32
		Unicode Release|Any CPU = Unicode Release|Any CPU
		Unicode Release|Mixed Platforms = Unicode Release|Mixed Platforms
		Unicode Release|Win32 = Unicode Release|Win32
		Universal Debug|Any CPU = Universal Debug|Any CPU
		Universal Debug|Mixed Platforms = Universal Debug|Mixed Platforms
		Universal Debug|Win32 = Universal Debug|Win32
		Universal Release|Any CPU = Universal Release|Any CPU
		Universal Release|Mixed Platforms = Universal Release|Mixed Platforms
		Universal Release|Win32 = Universal Release|Win32
		Universal Unicode Debug|Any CPU = Universal Unicode Debug|Any CPU
		Universal Unicode Debug|Mixed Platforms = Universal Unicode Debug|Mixed Platforms
		Universal Unicode Debug|Win32 = Universal Unicode Debug|Win32
		Universal Unicode Release|Any CPU = Universal Unicode Release|Any CPU
		Universal Unicode Release|Mixed Platforms = Universal Unicode Release|Mixed Platforms
		Universal Unicode Release|Win32 = Universal Unicode Release|Win32
	EndGlobalSection
	GlobalSection(ProjectConfigurationPlatforms) = postSolution
		{F081000D-3800-4AAB-880B-F7A823C7B528}.Debug|Any CPU.ActiveCfg = Debug|Win32
		{F081000D-3800-4AAB-880B-F7A823C7B528}.Debug|Mixed Platforms.ActiveCfg = Debug|Win32
		{F081000D-3800-4AAB-880B-F7A823C7B528}.Debug|Mixed Platforms.Build.0 = Debug|Win32
		{F081000D-3800-4AAB-880B-F7A823C7B528}.Debug|Win32.ActiveCfg = Debug|Win32
		{F081000D-3800-4AAB-880B-F7A823C7B528}.Debug|Win32.Build.0 = Debug|Win32
		{F081000D-3800-4AAB-880B-F7A823C7B528}.DLL Debug|Any CPU.ActiveCfg = Debug|Win32
		{F081000D-3800-4AAB-880B-F7A823C7B528}.DLL Debug|Mixed Platforms.ActiveCfg = Debug|Win32
		{F081000D-3800-4AAB-880B-F7A823C7B528}.DLL Debug|Mixed Platforms.Build.0 = Debug|Win32
		{F081000D-3800-4AAB-880B-F7A823C7B528}.DLL Debug|Win32.ActiveCfg = Debug|Win32
		{F081000D-3800-4AAB-880B-F7A823C7B528}.DLL Debug|Win32.Build.0 = Debug|Win32
		{F081000D-3800-4AAB-880B-F7A823C7B528}.DLL Release|Any CPU.ActiveCfg = Release|Win32
		{F081000D-3800-4AAB-880B-F7A823C7B528}.DLL Release|Mixed Platforms.ActiveCfg = Release|Win32
		{F081000D-3800-4AAB-880B-F7A823C7B528}.DLL Release|Mixed Platforms.Build.0 = Release|Win32
		{F081000D-3800-4AAB-880B-F7A823C7B528}.DLL Release|Win32.ActiveCfg = Release|Win32
		{F081000D-3800-4AAB-880B-F7A823C7B528}.DLL Release|Win32.Build.0 = Release|Win32
		{F081000D-3800-4AAB-880B-F7A823C7B528}.DLL Unicode Debug|Any CPU.ActiveCfg = Debug|Win32
		{F081000D-3800-4AAB-880B-F7A823C7B528}.DLL Unicode Debug|Mixed Platforms.ActiveCfg = Debug|Win32
		{F081000D-3800-4AAB-880B-F7A823C7B528}.DLL Unicode Debug|Mixed Platforms.Build.0 = Debug|Win32
		{F081000D-3800-4AAB-880B-F7A823C7B528}.DLL Unicode Debug|Win32.ActiveCfg = Debug|Win32
		{F081000D-3800-4AAB-880B-F7A823C7B528}.DLL Unicode Debug|Win32.Build.0 = Debug|Win32
		{F081000D-3800-4AAB-880B-F7A823C7B528}.DLL Unicode Release|Any CPU.ActiveCfg = Release|Win32
		{F081000D-3800-4AAB-880B-F7A823C7B528}.DLL Unicode Release|Mixed Platforms.ActiveCfg = Release|Win32
		{F081000D-3800-4AAB-880B-F7A823C7B528}.DLL Unicode Release|Mixed Platforms.Build.0 = Release|Win32
		{F081000D-3800-4AAB-880B-F7A823C7B528}.DLL Unicode Release|Win32.ActiveCfg = Release|Win32
		{F081000D-3800-4AAB-880B-F7A823C7B528}.DLL Unicode Release|Win32.Build.0 = Release|Win32
		{F081000D-3800-4AAB-880B-F7A823C7B528}.DLL Universal Debug|Any CPU.ActiveCfg = Debug|Win32
		{F081000D-3800-4AAB-880B-F7A823C7B528}.DLL Universal Debug|Mixed Platforms.ActiveCfg = Debug|Win32
		{F081000D-3800-4AAB-880B-F7A823C7B528}.DLL Universal Debug|Mixed Platforms.Build.0 = Debug|Win32
		{F081000D-3800-4AAB-880B-F7A823C7B528}.DLL Universal Debug|Win32.ActiveCfg = Debug|Win32
		{F081000D-3800-4AAB-880B-F7A823C7B528}.DLL Universal Debug|Win32.Build.0 = Debug|Win32
		{F081000D-3800-4AAB-880B-F7A823C7B528}.DLL Universal Release|Any CPU.ActiveCfg = Release|Win32
		{F081000D-3800-4AAB-880B-F7A823C7B528}.DLL Universal Release|Mixed Platforms.ActiveCfg = Release|Win32
		{F081000D-3800-4AAB-880B-F7A823C7B528}.DLL Universal Release|Mixed Platforms.Build.0 = Release|Win32
		{F081000D-3800-4AAB-880B-F7A823C7B528}.DLL Universal Release|Win32.ActiveCfg = Release|Win32
		{F081000D-3800-4AAB-880B-F7A823C7B528}.DLL Universal Release|Win32.Build.0 = Release|Win32
		{F081000D-3800-4AAB-880B-F7A823C7B528}.DLL Universal Unicode Debug|Any CPU.ActiveCfg = Debug|Win32
		{F081000D-3800-4AAB-880B-F7A823C7B528}.DLL Universal Unicode Debug|Mixed Platforms.ActiveCfg = Debug|Win32
		{F081000D-3800-4AAB-880B-F7A823C7B528}.DLL Universal Unicode Debug|Mixed Platforms.Build.0 = Debug|Win32
		{F081000D-3800-4AAB-880B-F7A823C7B528}.DLL Universal Unicode Debug|Win32.ActiveCfg = Debug|Win32
		{F081000D-3800-4AAB-880B-F7A823C7B528}.DLL Universal Unicode Debug|Win32.Build.0 = Debug|Win32
		{F081000D-3800-4AAB-880B-F7A823C7B528}.DLL Universal Unicode Release|Any CPU.ActiveCfg = Release|Win32
		{F081000D-3800-4AAB-880B-F7A823C7B528}.DLL Universal Unicode Release|Mixed Platforms.ActiveCfg = Release|Win32
		{F081000D-3800-4AAB-880B-F7A823C7B528}.DLL Universal Unicode Release|Mixed Platforms.Build.0 = Release|Win32
		{F081000D-3800-4AAB-880B-F7A823C7B528}.DLL Universal Unicode Release|Win32.ActiveCfg = Release|Win32
		{F081000D-3800-4AAB-880B-F7A823C7B528}.DLL Universal Unicode Release|Win32.Build.0 = Release|Win32
		{F081000D-3800-4AAB-880B-F7A823C7B528}.Release|Any CPU.ActiveCfg = Release|Win32
		{F081000D-3800-4AAB-880B-F7A823C7B528}.Release|Mixed Platforms.ActiveCfg = Release|Win32
		{F081000D-3800-4AAB-880B-F7A823C7B528}.Release|Mixed Platforms.Build.0 = Release|Win32
		{F081000D-3800-4AAB-880B-F7A823C7B528}.Release|Win32.ActiveCfg = Release|Win32
		{F081000D-3800-4AAB-880B-F7A823C7B528}.Release|Win32.Build.0 = Release|Win32
		{F081000D-3800-4AAB-880B-F7A823C7B528}.Unicode Debug|Any CPU.ActiveCfg = Debug|Win32
		{F081000D-3800-4AAB-880B-F7A823C7B528}.Unicode Debug|Mixed Platforms.ActiveCfg = Debug|Win32
		{F081000D-3800-4AAB-880B-F7A823C7B528}.Unicode Debug|Mixed Platforms.Build.0 = Debug|Win32
		{F081000D-3800-4AAB-880B-F7A823C7B528}.Unicode Debug|Win32.ActiveCfg = Debug|Win32
		{F081000D-3800-4AAB-880B-F7A823C7B528}.Unicode Debug|Win32.Build.0 = Debug|Win32
		{F081000D-3800-4AAB-880B-F7A823C7B528}.Unicode Release|Any CPU.ActiveCfg = Release|Win32
		{F081000D-3800-4AAB-880B-F7A823C7B528}.Unicode Release|Mixed Platforms.ActiveCfg = Release|Win32
		{F081000D-3800-4AAB-880B-F7A823C7B528}.Unicode Release|Mixed Platforms.Build.0 = Release|Win32
		{F081000D-3800-4AAB-880B-F7A823C7B528}.Unicode Release|Win32.ActiveCfg = Release|Win32
		{F081000D-3800-4AAB-880B-F7A823C7B528}.Unicode Release|Win32.Build.0 = Release|Win32
		{F081000D-3800-4AAB-880B-F7A823C7B528}.Universal Debug|Any CPU.ActiveCfg = Debug|Win32
		{F081000D-3800-4AAB-880B-F7A823C7B528}.Universal Debug|Mixed Platforms.ActiveCfg = Debug|Win32
		{F081000D-3800-4AAB-880B-F7A823C7B528}.Universal Debug|Mixed Platforms.Build.0 = Debug|Win32
		{F081000D-3800-4AAB-880B-F7A823C7B528}.Universal Debug|Win32.ActiveCfg = Debug|Win32
		{F081000D-3800-4AAB-880B-F7A823C7B528}.Universal Debug|Win32.Build.0 = Debug|Win32
		{F081000D-3800-4AAB-880B-F7A823C7B528}.Universal Release|Any CPU.ActiveCfg = Release|Win32
		{F081000D-3800-4AAB-880B-F7A823C7B528}.Universal Release|Mixed Platforms.ActiveCfg = Release|Win32
		{F081000D-3800-4AAB-880B-F7A823C7B528}.Universal Release|Mixed Platforms.Build.0 = Release|Win32
		{F081000D-3800-4AAB-880B-F7A823C7B528}.Universal Release|Win32.ActiveCfg = Release|Win32
		{F081000D-3800-4AAB-880B-F7A823C7B528}.Universal Release|Win32.Build.0 = Release|Win32
		{F081000D-3800-4AAB-880B-F7A823C7B528}.Universal Unicode Debug|Any CPU.ActiveCfg = Debug|Win32
		{F081000D-3800-4AAB-880B-F7A823C7B528}.Universal Unicode Debug|Mixed Platforms.ActiveCfg = Debug|Win32
		{F081000D-3800-4AAB-880B-F7A823C7B528}.Universal Unicode Debug|Mixed Platforms.Build.0 = Debug|Win32
		{F081000D-3800-4AAB-880B-F7A823C7B528}.Universal Unicode Debug|Win32.ActiveCfg = Debug|Win32
		{F081000D-3800-4AAB-880B-F7A823C7B528}.Universal Unicode Debug|Win32.Build.0 = Debug|Win32
		{F081000D-3800-4AAB-880B-F7A823C7B528}.Universal Unicode Release|Any CPU.ActiveCfg = Release|Win32
		{F081000D-3800-4AAB-880B-F7A823C7B528}.Universal Unicode Release|Mixed Platforms.ActiveCfg = Release|Win32
		{F081000D-3800-4AAB-880B-F7A823C7B528}.Universal Unicode Release|Mixed Platforms.Build.0 = Release|Win32
		{F081000D-3800-4AAB-880B-F7A823C7B528}.Universal Unicode Release|Win32.ActiveCfg = Release|Win32
		{F081000D-3800-4AAB-880B-F7A823C7B528}.Universal Unicode Release|Win32.Build.0 = Release|Win32
	EndGlobalSection
	GlobalSection(SolutionProperties) = preSolution
		HideSolutionNode = FALSE
	EndGlobalSection
EndGlobal
